
Microsoft Visual Studio Solution File, Format Version 12.00
# Visual Studio Version 17
VisualStudioVersion = 17.0.31903.59
MinimumVisualStudioVersion = 10.0.40219.1
Project("{2150E333-8FDC-42A3-9474-1A3956D46DE8}") = "src", "src", "{827E0CD3-B72D-47B6-A68D-7590B98EB39B}"
EndProject
Project("{2150E333-8FDC-42A3-9474-1A3956D46DE8}") = "tests", "tests", "{A5C8F3E0-B72D-47B6-A68D-7590B98EB39C}"
EndProject
Project("{FAE04EC0-301F-11D3-BF4B-00C04F79EFBC}") = "NetWorthTracker.Core", "src\NetWorthTracker.Core\NetWorthTracker.Core.csproj", "{FA2042A0-927C-408D-B839-95B9BC9AC1D0}"
EndProject
Project("{FAE04EC0-301F-11D3-BF4B-00C04F79EFBC}") = "NetWorthTracker.Infrastructure", "src\NetWorthTracker.Infrastructure\NetWorthTracker.Infrastructure.csproj", "{30B311F3-7AFB-4179-A0E8-A3491533B003}"
EndProject
Project("{FAE04EC0-301F-11D3-BF4B-00C04F79EFBC}") = "NetWorthTracker.Web", "src\NetWorthTracker.Web\NetWorthTracker.Web.csproj", "{0AF976DF-BCEA-43F7-A763-1CF6FA8F0000}"
EndProject
Project("{FAE04EC0-301F-11D3-BF4B-00C04F79EFBC}") = "NetWorthTracker.Application", "src\NetWorthTracker.Application\NetWorthTracker.Application.csproj", "{044BEE4B-E970-4E26-B92A-143C48ABE531}"
EndProject
Project("{FAE04EC0-301F-11D3-BF4B-00C04F79EFBC}") = "NetWorthTracker.Core.Tests", "tests\NetWorthTracker.Core.Tests\NetWorthTracker.Core.Tests.csproj", "{1A2B3C4D-5E6F-7A8B-9C0D-E1F2A3B4C5D6}"
EndProject
Project("{FAE04EC0-301F-11D3-BF4B-00C04F79EFBC}") = "NetWorthTracker.Infrastructure.Tests", "tests\NetWorthTracker.Infrastructure.Tests\NetWorthTracker.Infrastructure.Tests.csproj", "{2B3C4D5E-6F7A-8B9C-0D1E-F2A3B4C5D6E7}"
EndProject
Project("{FAE04EC0-301F-11D3-BF4B-00C04F79EFBC}") = "NetWorthTracker.Application.Tests", "tests\NetWorthTracker.Application.Tests\NetWorthTracker.Application.Tests.csproj", "{3C4D5E6F-7A8B-9C0D-1E2F-A3B4C5D6E7F8}"
EndProject
Project("{FAE04EC0-301F-11D3-BF4B-00C04F79EFBC}") = "NetWorthTracker.Web.Tests", "tests\NetWorthTracker.Web.Tests\NetWorthTracker.Web.Tests.csproj", "{4D5E6F7A-8B9C-0D1E-2F3A-B4C5D6E7F8A9}"
EndProject
Global
	GlobalSection(SolutionConfigurationPlatforms) = preSolution
		Debug|Any CPU = Debug|Any CPU
		Debug|x64 = Debug|x64
		Debug|x86 = Debug|x86
		Release|Any CPU = Release|Any CPU
		Release|x64 = Release|x64
		Release|x86 = Release|x86
	EndGlobalSection
	GlobalSection(ProjectConfigurationPlatforms) = postSolution
		{FA2042A0-927C-408D-B839-95B9BC9AC1D0}.Debug|Any CPU.ActiveCfg = Debug|Any CPU
		{FA2042A0-927C-408D-B839-95B9BC9AC1D0}.Debug|Any CPU.Build.0 = Debug|Any CPU
		{FA2042A0-927C-408D-B839-95B9BC9AC1D0}.Debug|x64.ActiveCfg = Debug|Any CPU
		{FA2042A0-927C-408D-B839-95B9BC9AC1D0}.Debug|x64.Build.0 = Debug|Any CPU
		{FA2042A0-927C-408D-B839-95B9BC9AC1D0}.Debug|x86.ActiveCfg = Debug|Any CPU
		{FA2042A0-927C-408D-B839-95B9BC9AC1D0}.Debug|x86.Build.0 = Debug|Any CPU
		{FA2042A0-927C-408D-B839-95B9BC9AC1D0}.Release|Any CPU.ActiveCfg = Release|Any CPU
		{FA2042A0-927C-408D-B839-95B9BC9AC1D0}.Release|Any CPU.Build.0 = Release|Any CPU
		{FA2042A0-927C-408D-B839-95B9BC9AC1D0}.Release|x64.ActiveCfg = Release|Any CPU
		{FA2042A0-927C-408D-B839-95B9BC9AC1D0}.Release|x64.Build.0 = Release|Any CPU
		{FA2042A0-927C-408D-B839-95B9BC9AC1D0}.Release|x86.ActiveCfg = Release|Any CPU
		{FA2042A0-927C-408D-B839-95B9BC9AC1D0}.Release|x86.Build.0 = Release|Any CPU
		{30B311F3-7AFB-4179-A0E8-A3491533B003}.Debug|Any CPU.ActiveCfg = Debug|Any CPU
		{30B311F3-7AFB-4179-A0E8-A3491533B003}.Debug|Any CPU.Build.0 = Debug|Any CPU
		{30B311F3-7AFB-4179-A0E8-A3491533B003}.Debug|x64.ActiveCfg = Debug|Any CPU
		{30B311F3-7AFB-4179-A0E8-A3491533B003}.Debug|x64.Build.0 = Debug|Any CPU
		{30B311F3-7AFB-4179-A0E8-A3491533B003}.Debug|x86.ActiveCfg = Debug|Any CPU
		{30B311F3-7AFB-4179-A0E8-A3491533B003}.Debug|x86.Build.0 = Debug|Any CPU
		{30B311F3-7AFB-4179-A0E8-A3491533B003}.Release|Any CPU.ActiveCfg = Release|Any CPU
		{30B311F3-7AFB-4179-A0E8-A3491533B003}.Release|Any CPU.Build.0 = Release|Any CPU
		{30B311F3-7AFB-4179-A0E8-A3491533B003}.Release|x64.ActiveCfg = Release|Any CPU
		{30B311F3-7AFB-4179-A0E8-A3491533B003}.Release|x64.Build.0 = Release|Any CPU
		{30B311F3-7AFB-4179-A0E8-A3491533B003}.Release|x86.ActiveCfg = Release|Any CPU
		{30B311F3-7AFB-4179-A0E8-A3491533B003}.Release|x86.Build.0 = Release|Any CPU
		{0AF976DF-BCEA-43F7-A763-1CF6FA8F0000}.Debug|Any CPU.ActiveCfg = Debug|Any CPU
		{0AF976DF-BCEA-43F7-A763-1CF6FA8F0000}.Debug|Any CPU.Build.0 = Debug|Any CPU
		{0AF976DF-BCEA-43F7-A763-1CF6FA8F0000}.Debug|x64.ActiveCfg = Debug|Any CPU
		{0AF976DF-BCEA-43F7-A763-1CF6FA8F0000}.Debug|x64.Build.0 = Debug|Any CPU
		{0AF976DF-BCEA-43F7-A763-1CF6FA8F0000}.Debug|x86.ActiveCfg = Debug|Any CPU
		{0AF976DF-BCEA-43F7-A763-1CF6FA8F0000}.Debug|x86.Build.0 = Debug|Any CPU
		{0AF976DF-BCEA-43F7-A763-1CF6FA8F0000}.Release|Any CPU.ActiveCfg = Release|Any CPU
		{0AF976DF-BCEA-43F7-A763-1CF6FA8F0000}.Release|Any CPU.Build.0 = Release|Any CPU
		{0AF976DF-BCEA-43F7-A763-1CF6FA8F0000}.Release|x64.ActiveCfg = Release|Any CPU
		{0AF976DF-BCEA-43F7-A763-1CF6FA8F0000}.Release|x64.Build.0 = Release|Any CPU
		{0AF976DF-BCEA-43F7-A763-1CF6FA8F0000}.Release|x86.ActiveCfg = Release|Any CPU
		{0AF976DF-BCEA-43F7-A763-1CF6FA8F0000}.Release|x86.Build.0 = Release|Any CPU
		{044BEE4B-E970-4E26-B92A-143C48ABE531}.Debug|Any CPU.ActiveCfg = Debug|Any CPU
		{044BEE4B-E970-4E26-B92A-143C48ABE531}.Debug|Any CPU.Build.0 = Debug|Any CPU
		{044BEE4B-E970-4E26-B92A-143C48ABE531}.Debug|x64.ActiveCfg = Debug|Any CPU
		{044BEE4B-E970-4E26-B92A-143C48ABE531}.Debug|x64.Build.0 = Debug|Any CPU
		{044BEE4B-E970-4E26-B92A-143C48ABE531}.Debug|x86.ActiveCfg = Debug|Any CPU
		{044BEE4B-E970-4E26-B92A-143C48ABE531}.Debug|x86.Build.0 = Debug|Any CPU
		{044BEE4B-E970-4E26-B92A-143C48ABE531}.Release|Any CPU.ActiveCfg = Release|Any CPU
		{044BEE4B-E970-4E26-B92A-143C48ABE531}.Release|Any CPU.Build.0 = Release|Any CPU
		{044BEE4B-E970-4E26-B92A-143C48ABE531}.Release|x64.ActiveCfg = Release|Any CPU
		{044BEE4B-E970-4E26-B92A-143C48ABE531}.Release|x64.Build.0 = Release|Any CPU
		{044BEE4B-E970-4E26-B92A-143C48ABE531}.Release|x86.ActiveCfg = Release|Any CPU
		{044BEE4B-E970-4E26-B92A-143C48ABE531}.Release|x86.Build.0 = Release|Any CPU
		{1A2B3C4D-5E6F-7A8B-9C0D-E1F2A3B4C5D6}.Debug|Any CPU.ActiveCfg = Debug|Any CPU
		{1A2B3C4D-5E6F-7A8B-9C0D-E1F2A3B4C5D6}.Debug|Any CPU.Build.0 = Debug|Any CPU
		{1A2B3C4D-5E6F-7A8B-9C0D-E1F2A3B4C5D6}.Debug|x64.ActiveCfg = Debug|Any CPU
		{1A2B3C4D-5E6F-7A8B-9C0D-E1F2A3B4C5D6}.Debug|x64.Build.0 = Debug|Any CPU
		{1A2B3C4D-5E6F-7A8B-9C0D-E1F2A3B4C5D6}.Debug|x86.ActiveCfg = Debug|Any CPU
		{1A2B3C4D-5E6F-7A8B-9C0D-E1F2A3B4C5D6}.Debug|x86.Build.0 = Debug|Any CPU
		{1A2B3C4D-5E6F-7A8B-9C0D-E1F2A3B4C5D6}.Release|Any CPU.ActiveCfg = Release|Any CPU
		{1A2B3C4D-5E6F-7A8B-9C0D-E1F2A3B4C5D6}.Release|Any CPU.Build.0 = Release|Any CPU
		{1A2B3C4D-5E6F-7A8B-9C0D-E1F2A3B4C5D6}.Release|x64.ActiveCfg = Release|Any CPU
		{1A2B3C4D-5E6F-7A8B-9C0D-E1F2A3B4C5D6}.Release|x64.Build.0 = Release|Any CPU
		{1A2B3C4D-5E6F-7A8B-9C0D-E1F2A3B4C5D6}.Release|x86.ActiveCfg = Release|Any CPU
		{1A2B3C4D-5E6F-7A8B-9C0D-E1F2A3B4C5D6}.Release|x86.Build.0 = Release|Any CPU
		{2B3C4D5E-6F7A-8B9C-0D1E-F2A3B4C5D6E7}.Debug|Any CPU.ActiveCfg = Debug|Any CPU
		{2B3C4D5E-6F7A-8B9C-0D1E-F2A3B4C5D6E7}.Debug|Any CPU.Build.0 = Debug|Any CPU
		{2B3C4D5E-6F7A-8B9C-0D1E-F2A3B4C5D6E7}.Debug|x64.ActiveCfg = Debug|Any CPU
		{2B3C4D5E-6F7A-8B9C-0D1E-F2A3B4C5D6E7}.Debug|x64.Build.0 = Debug|Any CPU
		{2B3C4D5E-6F7A-8B9C-0D1E-F2A3B4C5D6E7}.Debug|x86.ActiveCfg = Debug|Any CPU
		{2B3C4D5E-6F7A-8B9C-0D1E-F2A3B4C5D6E7}.Debug|x86.Build.0 = Debug|Any CPU
		{2B3C4D5E-6F7A-8B9C-0D1E-F2A3B4C5D6E7}.Release|Any CPU.ActiveCfg = Release|Any CPU
		{2B3C4D5E-6F7A-8B9C-0D1E-F2A3B4C5D6E7}.Release|Any CPU.Build.0 = Release|Any CPU
		{2B3C4D5E-6F7A-8B9C-0D1E-F2A3B4C5D6E7}.Release|x64.ActiveCfg = Release|Any CPU
		{2B3C4D5E-6F7A-8B9C-0D1E-F2A3B4C5D6E7}.Release|x64.Build.0 = Release|Any CPU
		{2B3C4D5E-6F7A-8B9C-0D1E-F2A3B4C5D6E7}.Release|x86.ActiveCfg = Release|Any CPU
		{2B3C4D5E-6F7A-8B9C-0D1E-F2A3B4C5D6E7}.Release|x86.Build.0 = Release|Any CPU
		{3C4D5E6F-7A8B-9C0D-1E2F-A3B4C5D6E7F8}.Debug|Any CPU.ActiveCfg = Debug|Any CPU
		{3C4D5E6F-7A8B-9C0D-1E2F-A3B4C5D6E7F8}.Debug|Any CPU.Build.0 = Debug|Any CPU
		{3C4D5E6F-7A8B-9C0D-1E2F-A3B4C5D6E7F8}.Debug|x64.ActiveCfg = Debug|Any CPU
		{3C4D5E6F-7A8B-9C0D-1E2F-A3B4C5D6E7F8}.Debug|x64.Build.0 = Debug|Any CPU
		{3C4D5E6F-7A8B-9C0D-1E2F-A3B4C5D6E7F8}.Debug|x86.ActiveCfg = Debug|Any CPU
		{3C4D5E6F-7A8B-9C0D-1E2F-A3B4C5D6E7F8}.Debug|x86.Build.0 = Debug|Any CPU
		{3C4D5E6F-7A8B-9C0D-1E2F-A3B4C5D6E7F8}.Release|Any CPU.ActiveCfg = Release|Any CPU
		{3C4D5E6F-7A8B-9C0D-1E2F-A3B4C5D6E7F8}.Release|Any CPU.Build.0 = Release|Any CPU
		{3C4D5E6F-7A8B-9C0D-1E2F-A3B4C5D6E7F8}.Release|x64.ActiveCfg = Release|Any CPU
		{3C4D5E6F-7A8B-9C0D-1E2F-A3B4C5D6E7F8}.Release|x64.Build.0 = Release|Any CPU
		{3C4D5E6F-7A8B-9C0D-1E2F-A3B4C5D6E7F8}.Release|x86.ActiveCfg = Release|Any CPU
		{3C4D5E6F-7A8B-9C0D-1E2F-A3B4C5D6E7F8}.Release|x86.Build.0 = Release|Any CPU
		{4D5E6F7A-8B9C-0D1E-2F3A-B4C5D6E7F8A9}.Debug|Any CPU.ActiveCfg = Debug|Any CPU
		{4D5E6F7A-8B9C-0D1E-2F3A-B4C5D6E7F8A9}.Debug|Any CPU.Build.0 = Debug|Any CPU
		{4D5E6F7A-8B9C-0D1E-2F3A-B4C5D6E7F8A9}.Debug|x64.ActiveCfg = Debug|Any CPU
		{4D5E6F7A-8B9C-0D1E-2F3A-B4C5D6E7F8A9}.Debug|x64.Build.0 = Debug|Any CPU
		{4D5E6F7A-8B9C-0D1E-2F3A-B4C5D6E7F8A9}.Debug|x86.ActiveCfg = Debug|Any CPU
		{4D5E6F7A-8B9C-0D1E-2F3A-B4C5D6E7F8A9}.Debug|x86.Build.0 = Debug|Any CPU
		{4D5E6F7A-8B9C-0D1E-2F3A-B4C5D6E7F8A9}.Release|Any CPU.ActiveCfg = Release|Any CPU
		{4D5E6F7A-8B9C-0D1E-2F3A-B4C5D6E7F8A9}.Release|Any CPU.Build.0 = Release|Any CPU
		{4D5E6F7A-8B9C-0D1E-2F3A-B4C5D6E7F8A9}.Release|x64.ActiveCfg = Release|Any CPU
		{4D5E6F7A-8B9C-0D1E-2F3A-B4C5D6E7F8A9}.Release|x64.Build.0 = Release|Any CPU
		{4D5E6F7A-8B9C-0D1E-2F3A-B4C5D6E7F8A9}.Release|x86.ActiveCfg = Release|Any CPU
		{4D5E6F7A-8B9C-0D1E-2F3A-B4C5D6E7F8A9}.Release|x86.Build.0 = Release|Any CPU
	EndGlobalSection
	GlobalSection(SolutionProperties) = preSolution
		HideSolutionNode = FALSE
	EndGlobalSection
	GlobalSection(NestedProjects) = preSolution
		{FA2042A0-927C-408D-B839-95B9BC9AC1D0} = {827E0CD3-B72D-47B6-A68D-7590B98EB39B}
		{30B311F3-7AFB-4179-A0E8-A3491533B003} = {827E0CD3-B72D-47B6-A68D-7590B98EB39B}
		{0AF976DF-BCEA-43F7-A763-1CF6FA8F0000} = {827E0CD3-B72D-47B6-A68D-7590B98EB39B}
		{044BEE4B-E970-4E26-B92A-143C48ABE531} = {827E0CD3-B72D-47B6-A68D-7590B98EB39B}
		{1A2B3C4D-5E6F-7A8B-9C0D-E1F2A3B4C5D6} = {A5C8F3E0-B72D-47B6-A68D-7590B98EB39C}
		{2B3C4D5E-6F7A-8B9C-0D1E-F2A3B4C5D6E7} = {A5C8F3E0-B72D-47B6-A68D-7590B98EB39C}
		{3C4D5E6F-7A8B-9C0D-1E2F-A3B4C5D6E7F8} = {A5C8F3E0-B72D-47B6-A68D-7590B98EB39C}
		{4D5E6F7A-8B9C-0D1E-2F3A-B4C5D6E7F8A9} = {A5C8F3E0-B72D-47B6-A68D-7590B98EB39C}
	EndGlobalSection
EndGlobal
